// !$*UTF8*$!
{
	archiveVersion = 1;
	classes = {
	};
	objectVersion = 55;
	objects = {

/* Begin PBXBuildFile section */
		B3A9BFE727C1222100D3714E /* AppDelegate.swift in Sources */ = {isa = PBXBuildFile; fileRef = B3A9BFE627C1222100D3714E /* AppDelegate.swift */; };
		B3A9BFE927C1222100D3714E /* SceneDelegate.swift in Sources */ = {isa = PBXBuildFile; fileRef = B3A9BFE827C1222100D3714E /* SceneDelegate.swift */; };
		B3A9BFEB27C1222100D3714E /* ViewController.swift in Sources */ = {isa = PBXBuildFile; fileRef = B3A9BFEA27C1222100D3714E /* ViewController.swift */; };
		B3A9BFEE27C1222100D3714E /* Main.storyboard in Resources */ = {isa = PBXBuildFile; fileRef = B3A9BFEC27C1222100D3714E /* Main.storyboard */; };
		B3A9BFF127C1222100D3714E /* MyArchitecture_Main.xcdatamodeld in Sources */ = {isa = PBXBuildFile; fileRef = B3A9BFEF27C1222100D3714E /* MyArchitecture_Main.xcdatamodeld */; };
		B3A9BFF327C1222900D3714E /* Assets.xcassets in Resources */ = {isa = PBXBuildFile; fileRef = B3A9BFF227C1222900D3714E /* Assets.xcassets */; };
		B3A9BFF627C1222900D3714E /* LaunchScreen.storyboard in Resources */ = {isa = PBXBuildFile; fileRef = B3A9BFF427C1222900D3714E /* LaunchScreen.storyboard */; };
		B3A9C00127C1222A00D3714E /* MyArchitecture_MainTests.swift in Sources */ = {isa = PBXBuildFile; fileRef = B3A9C00027C1222A00D3714E /* MyArchitecture_MainTests.swift */; };
		B3A9C00B27C1222A00D3714E /* MyArchitecture_MainUITests.swift in Sources */ = {isa = PBXBuildFile; fileRef = B3A9C00A27C1222A00D3714E /* MyArchitecture_MainUITests.swift */; };
		B3A9C00D27C1222A00D3714E /* MyArchitecture_MainUITestsLaunchTests.swift in Sources */ = {isa = PBXBuildFile; fileRef = B3A9C00C27C1222A00D3714E /* MyArchitecture_MainUITestsLaunchTests.swift */; };
/* End PBXBuildFile section */

/* Begin PBXContainerItemProxy section */
		B3A9BFFD27C1222A00D3714E /* PBXContainerItemProxy */ = {
			isa = PBXContainerItemProxy;
			containerPortal = B3A9BFDB27C1222100D3714E /* Project object */;
			proxyType = 1;
			remoteGlobalIDString = B3A9BFE227C1222100D3714E;
			remoteInfo = "MyArchitecture-Main";
		};
		B3A9C00727C1222A00D3714E /* PBXContainerItemProxy */ = {
			isa = PBXContainerItemProxy;
			containerPortal = B3A9BFDB27C1222100D3714E /* Project object */;
			proxyType = 1;
			remoteGlobalIDString = B3A9BFE227C1222100D3714E;
			remoteInfo = "MyArchitecture-Main";
		};
		B3E5AE5027C124990091F6A4 /* PBXContainerItemProxy */ = {
			isa = PBXContainerItemProxy;
			containerPortal = B3E5AE4B27C124990091F6A4 /* MyArchitecture-CommonPresenter.xcodeproj */;
			proxyType = 2;
			remoteGlobalIDString = B3A9C02327C1225700D3714E;
			remoteInfo = "MyArchitecture-CommonPresenter";
		};
		B3E5AE5227C124990091F6A4 /* PBXContainerItemProxy */ = {
			isa = PBXContainerItemProxy;
			containerPortal = B3E5AE4B27C124990091F6A4 /* MyArchitecture-CommonPresenter.xcodeproj */;
			proxyType = 2;
			remoteGlobalIDString = B3A9C02D27C1225700D3714E;
			remoteInfo = "MyArchitecture-CommonPresenterTests";
		};
/* End PBXContainerItemProxy section */

/* Begin PBXFileReference section */
		B3A9BFE327C1222100D3714E /* MyArchitecture-Main.app */ = {isa = PBXFileReference; explicitFileType = wrapper.application; includeInIndex = 0; path = "MyArchitecture-Main.app"; sourceTree = BUILT_PRODUCTS_DIR; };
		B3A9BFE627C1222100D3714E /* AppDelegate.swift */ = {isa = PBXFileReference; lastKnownFileType = sourcecode.swift; path = AppDelegate.swift; sourceTree = "<group>"; };
		B3A9BFE827C1222100D3714E /* SceneDelegate.swift */ = {isa = PBXFileReference; lastKnownFileType = sourcecode.swift; path = SceneDelegate.swift; sourceTree = "<group>"; };
		B3A9BFEA27C1222100D3714E /* ViewController.swift */ = {isa = PBXFileReference; lastKnownFileType = sourcecode.swift; path = ViewController.swift; sourceTree = "<group>"; };
		B3A9BFED27C1222100D3714E /* Base */ = {isa = PBXFileReference; lastKnownFileType = file.storyboard; name = Base; path = Base.lproj/Main.storyboard; sourceTree = "<group>"; };
		B3A9BFF027C1222100D3714E /* MyArchitecture_Main.xcdatamodel */ = {isa = PBXFileReference; lastKnownFileType = wrapper.xcdatamodel; path = MyArchitecture_Main.xcdatamodel; sourceTree = "<group>"; };
		B3A9BFF227C1222900D3714E /* Assets.xcassets */ = {isa = PBXFileReference; lastKnownFileType = folder.assetcatalog; path = Assets.xcassets; sourceTree = "<group>"; };
		B3A9BFF527C1222900D3714E /* Base */ = {isa = PBXFileReference; lastKnownFileType = file.storyboard; name = Base; path = Base.lproj/LaunchScreen.storyboard; sourceTree = "<group>"; };
		B3A9BFF727C1222900D3714E /* Info.plist */ = {isa = PBXFileReference; lastKnownFileType = text.plist.xml; path = Info.plist; sourceTree = "<group>"; };
		B3A9BFFC27C1222A00D3714E /* MyArchitecture-MainTests.xctest */ = {isa = PBXFileReference; explicitFileType = wrapper.cfbundle; includeInIndex = 0; path = "MyArchitecture-MainTests.xctest"; sourceTree = BUILT_PRODUCTS_DIR; };
		B3A9C00027C1222A00D3714E /* MyArchitecture_MainTests.swift */ = {isa = PBXFileReference; lastKnownFileType = sourcecode.swift; path = MyArchitecture_MainTests.swift; sourceTree = "<group>"; };
		B3A9C00627C1222A00D3714E /* MyArchitecture-MainUITests.xctest */ = {isa = PBXFileReference; explicitFileType = wrapper.cfbundle; includeInIndex = 0; path = "MyArchitecture-MainUITests.xctest"; sourceTree = BUILT_PRODUCTS_DIR; };
		B3A9C00A27C1222A00D3714E /* MyArchitecture_MainUITests.swift */ = {isa = PBXFileReference; lastKnownFileType = sourcecode.swift; path = MyArchitecture_MainUITests.swift; sourceTree = "<group>"; };
		B3A9C00C27C1222A00D3714E /* MyArchitecture_MainUITestsLaunchTests.swift */ = {isa = PBXFileReference; lastKnownFileType = sourcecode.swift; path = MyArchitecture_MainUITestsLaunchTests.swift; sourceTree = "<group>"; };
		B3E5AE4B27C124990091F6A4 /* MyArchitecture-CommonPresenter.xcodeproj */ = {isa = PBXFileReference; lastKnownFileType = "wrapper.pb-project"; name = "MyArchitecture-CommonPresenter.xcodeproj"; path = "../../MyArchitecture-CommonPresenter/MyArchitecture-CommonPresenter.xcodeproj"; sourceTree = "<group>"; };
/* End PBXFileReference section */

/* Begin PBXFrameworksBuildPhase section */
		B3A9BFE027C1222100D3714E /* Frameworks */ = {
			isa = PBXFrameworksBuildPhase;
			buildActionMask = 2147483647;
			files = (
			);
			runOnlyForDeploymentPostprocessing = 0;
		};
		B3A9BFF927C1222A00D3714E /* Frameworks */ = {
			isa = PBXFrameworksBuildPhase;
			buildActionMask = 2147483647;
			files = (
			);
			runOnlyForDeploymentPostprocessing = 0;
		};
		B3A9C00327C1222A00D3714E /* Frameworks */ = {
			isa = PBXFrameworksBuildPhase;
			buildActionMask = 2147483647;
			files = (
			);
			runOnlyForDeploymentPostprocessing = 0;
		};
/* End PBXFrameworksBuildPhase section */

/* Begin PBXGroup section */
		B392FCC727C2725F002DD2FB /* System */ = {
			isa = PBXGroup;
			children = (
				B3A9BFE627C1222100D3714E /* AppDelegate.swift */,
				B3A9BFE827C1222100D3714E /* SceneDelegate.swift */,
			);
			path = System;
			sourceTree = "<group>";
		};
		B392FCC927C2728D002DD2FB /* Resources */ = {
			isa = PBXGroup;
			children = (
				B3A9BFEC27C1222100D3714E /* Main.storyboard */,
				B3A9BFF227C1222900D3714E /* Assets.xcassets */,
				B3A9BFF427C1222900D3714E /* LaunchScreen.storyboard */,
			);
			path = Resources;
			sourceTree = "<group>";
		};
		B392FCCA27C27299002DD2FB /* Presentation */ = {
			isa = PBXGroup;
			children = (
				B392FCCF27C27358002DD2FB /* UI */,
				B392FCD027C27375002DD2FB /* Components */,
				B392FCD127C2737E002DD2FB /* Screens */,
			);
			path = Presentation;
			sourceTree = "<group>";
		};
		B392FCCB27C272A5002DD2FB /* Data */ = {
			isa = PBXGroup;
			children = (
				B3A9BFEF27C1222100D3714E /* MyArchitecture_Main.xcdatamodeld */,
			);
			path = Data;
			sourceTree = "<group>";
		};
		B392FCCC27C272B2002DD2FB /* Domain */ = {
			isa = PBXGroup;
			children = (
			);
			path = Domain;
			sourceTree = "<group>";
		};
		B392FCCD27C272C2002DD2FB /* Utility */ = {
			isa = PBXGroup;
			children = (
			);
			path = Utility;
			sourceTree = "<group>";
		};
		B392FCCE27C27346002DD2FB /* Test */ = {
			isa = PBXGroup;
			children = (
				B3A9BFEA27C1222100D3714E /* ViewController.swift */,
			);
			path = Test;
			sourceTree = "<group>";
		};
		B392FCCF27C27358002DD2FB /* UI */ = {
			isa = PBXGroup;
			children = (
				B392FCCE27C27346002DD2FB /* Test */,
			);
			path = UI;
			sourceTree = "<group>";
		};
		B392FCD027C27375002DD2FB /* Components */ = {
			isa = PBXGroup;
			children = (
			);
			path = Components;
			sourceTree = "<group>";
		};
		B392FCD127C2737E002DD2FB /* Screens */ = {
			isa = PBXGroup;
			children = (
			);
			path = Screens;
			sourceTree = "<group>";
		};
		B3A9BFDA27C1222100D3714E = {
			isa = PBXGroup;
			children = (
				B3A9BFE527C1222100D3714E /* MyArchitecture-Main */,
				B3A9BFFF27C1222A00D3714E /* MyArchitecture-MainTests */,
				B3A9C00927C1222A00D3714E /* MyArchitecture-MainUITests */,
				B3A9BFE427C1222100D3714E /* Products */,
			);
			sourceTree = "<group>";
		};
		B3A9BFE427C1222100D3714E /* Products */ = {
			isa = PBXGroup;
			children = (
				B3A9BFE327C1222100D3714E /* MyArchitecture-Main.app */,
				B3A9BFFC27C1222A00D3714E /* MyArchitecture-MainTests.xctest */,
				B3A9C00627C1222A00D3714E /* MyArchitecture-MainUITests.xctest */,
			);
			name = Products;
			sourceTree = "<group>";
		};
		B3A9BFE527C1222100D3714E /* MyArchitecture-Main */ = {
			isa = PBXGroup;
			children = (
				B392FCCD27C272C2002DD2FB /* Utility */,
				B392FCCA27C27299002DD2FB /* Presentation */,
				B392FCCC27C272B2002DD2FB /* Domain */,
				B392FCCB27C272A5002DD2FB /* Data */,
				B392FCC927C2728D002DD2FB /* Resources */,
				B392FCC727C2725F002DD2FB /* System */,
				B3A9BFF727C1222900D3714E /* Info.plist */,
			);
			path = "MyArchitecture-Main";
			sourceTree = "<group>";
		};
		B3A9BFFF27C1222A00D3714E /* MyArchitecture-MainTests */ = {
			isa = PBXGroup;
			children = (
				B3A9C00027C1222A00D3714E /* MyArchitecture_MainTests.swift */,
			);
			path = "MyArchitecture-MainTests";
			sourceTree = "<group>";
		};
		B3A9C00927C1222A00D3714E /* MyArchitecture-MainUITests */ = {
			isa = PBXGroup;
			children = (
				B3E5AE4B27C124990091F6A4 /* MyArchitecture-CommonPresenter.xcodeproj */,
				B3A9C00A27C1222A00D3714E /* MyArchitecture_MainUITests.swift */,
				B3A9C00C27C1222A00D3714E /* MyArchitecture_MainUITestsLaunchTests.swift */,
			);
			path = "MyArchitecture-MainUITests";
			sourceTree = "<group>";
		};
		B3E5AE4C27C124990091F6A4 /* Products */ = {
			isa = PBXGroup;
			children = (
				B3E5AE5127C124990091F6A4 /* MyArchitecture_CommonPresenter.framework */,
				B3E5AE5327C124990091F6A4 /* MyArchitecture-CommonPresenterTests.xctest */,
			);
			name = Products;
			sourceTree = "<group>";
		};
/* End PBXGroup section */

/* Begin PBXNativeTarget section */
		B3A9BFE227C1222100D3714E /* MyArchitecture-Main */ = {
			isa = PBXNativeTarget;
			buildConfigurationList = B3A9C01027C1222A00D3714E /* Build configuration list for PBXNativeTarget "MyArchitecture-Main" */;
			buildPhases = (
				B3A9BFDF27C1222100D3714E /* Sources */,
				B3A9BFE027C1222100D3714E /* Frameworks */,
				B3A9BFE127C1222100D3714E /* Resources */,
			);
			buildRules = (
			);
			dependencies = (
			);
			name = "MyArchitecture-Main";
			productName = "MyArchitecture-Main";
			productReference = B3A9BFE327C1222100D3714E /* MyArchitecture-Main.app */;
			productType = "com.apple.product-type.application";
		};
		B3A9BFFB27C1222A00D3714E /* MyArchitecture-MainTests */ = {
			isa = PBXNativeTarget;
			buildConfigurationList = B3A9C01327C1222A00D3714E /* Build configuration list for PBXNativeTarget "MyArchitecture-MainTests" */;
			buildPhases = (
				B3A9BFF827C1222A00D3714E /* Sources */,
				B3A9BFF927C1222A00D3714E /* Frameworks */,
				B3A9BFFA27C1222A00D3714E /* Resources */,
			);
			buildRules = (
			);
			dependencies = (
				B3A9BFFE27C1222A00D3714E /* PBXTargetDependency */,
			);
			name = "MyArchitecture-MainTests";
			productName = "MyArchitecture-MainTests";
			productReference = B3A9BFFC27C1222A00D3714E /* MyArchitecture-MainTests.xctest */;
			productType = "com.apple.product-type.bundle.unit-test";
		};
		B3A9C00527C1222A00D3714E /* MyArchitecture-MainUITests */ = {
			isa = PBXNativeTarget;
			buildConfigurationList = B3A9C01627C1222A00D3714E /* Build configuration list for PBXNativeTarget "MyArchitecture-MainUITests" */;
			buildPhases = (
				B3A9C00227C1222A00D3714E /* Sources */,
				B3A9C00327C1222A00D3714E /* Frameworks */,
				B3A9C00427C1222A00D3714E /* Resources */,
			);
			buildRules = (
			);
			dependencies = (
				B3A9C00827C1222A00D3714E /* PBXTargetDependency */,
			);
			name = "MyArchitecture-MainUITests";
			productName = "MyArchitecture-MainUITests";
			productReference = B3A9C00627C1222A00D3714E /* MyArchitecture-MainUITests.xctest */;
			productType = "com.apple.product-type.bundle.ui-testing";
		};
/* End PBXNativeTarget section */

/* Begin PBXProject section */
		B3A9BFDB27C1222100D3714E /* Project object */ = {
			isa = PBXProject;
			attributes = {
				BuildIndependentTargetsInParallel = 1;
				LastSwiftUpdateCheck = 1320;
				LastUpgradeCheck = 1320;
				TargetAttributes = {
					B3A9BFE227C1222100D3714E = {
						CreatedOnToolsVersion = 13.2.1;
					};
					B3A9BFFB27C1222A00D3714E = {
						CreatedOnToolsVersion = 13.2.1;
						TestTargetID = B3A9BFE227C1222100D3714E;
					};
					B3A9C00527C1222A00D3714E = {
						CreatedOnToolsVersion = 13.2.1;
						TestTargetID = B3A9BFE227C1222100D3714E;
					};
				};
			};
			buildConfigurationList = B3A9BFDE27C1222100D3714E /* Build configuration list for PBXProject "MyArchitecture-Main" */;
			compatibilityVersion = "Xcode 13.0";
			developmentRegion = en;
			hasScannedForEncodings = 0;
			knownRegions = (
				en,
				Base,
			);
			mainGroup = B3A9BFDA27C1222100D3714E;
			productRefGroup = B3A9BFE427C1222100D3714E /* Products */;
			projectDirPath = "";
			projectReferences = (
				{
					ProductGroup = B3E5AE4C27C124990091F6A4 /* Products */;
					ProjectRef = B3E5AE4B27C124990091F6A4 /* MyArchitecture-CommonPresenter.xcodeproj */;
				},
			);
			projectRoot = "";
			targets = (
				B3A9BFE227C1222100D3714E /* MyArchitecture-Main */,
				B3A9BFFB27C1222A00D3714E /* MyArchitecture-MainTests */,
				B3A9C00527C1222A00D3714E /* MyArchitecture-MainUITests */,
			);
		};
/* End PBXProject section */

/* Begin PBXReferenceProxy section */
		B3E5AE5127C124990091F6A4 /* MyArchitecture_CommonPresenter.framework */ = {
			isa = PBXReferenceProxy;
			fileType = wrapper.framework;
			path = MyArchitecture_CommonPresenter.framework;
			remoteRef = B3E5AE5027C124990091F6A4 /* PBXContainerItemProxy */;
			sourceTree = BUILT_PRODUCTS_DIR;
		};
		B3E5AE5327C124990091F6A4 /* MyArchitecture-CommonPresenterTests.xctest */ = {
			isa = PBXReferenceProxy;
			fileType = wrapper.cfbundle;
			path = "MyArchitecture-CommonPresenterTests.xctest";
			remoteRef = B3E5AE5227C124990091F6A4 /* PBXContainerItemProxy */;
			sourceTree = BUILT_PRODUCTS_DIR;
		};
/* End PBXReferenceProxy section */

/* Begin PBXResourcesBuildPhase section */
		B3A9BFE127C1222100D3714E /* Resources */ = {
			isa = PBXResourcesBuildPhase;
			buildActionMask = 2147483647;
			files = (
				B3A9BFF627C1222900D3714E /* LaunchScreen.storyboard in Resources */,
				B3A9BFF327C1222900D3714E /* Assets.xcassets in Resources */,
				B3A9BFEE27C1222100D3714E /* Main.storyboard in Resources */,
			);
			runOnlyForDeploymentPostprocessing = 0;
		};
		B3A9BFFA27C1222A00D3714E /* Resources */ = {
			isa = PBXResourcesBuildPhase;
			buildActionMask = 2147483647;
			files = (
			);
			runOnlyForDeploymentPostprocessing = 0;
		};
		B3A9C00427C1222A00D3714E /* Resources */ = {
			isa = PBXResourcesBuildPhase;
			buildActionMask = 2147483647;
			files = (
			);
			runOnlyForDeploymentPostprocessing = 0;
		};
/* End PBXResourcesBuildPhase section */

/* Begin PBXSourcesBuildPhase section */
		B3A9BFDF27C1222100D3714E /* Sources */ = {
			isa = PBXSourcesBuildPhase;
			buildActionMask = 2147483647;
			files = (
				B3A9BFEB27C1222100D3714E /* ViewController.swift in Sources */,
				B3A9BFE727C1222100D3714E /* AppDelegate.swift in Sources */,
				B3A9BFF127C1222100D3714E /* MyArchitecture_Main.xcdatamodeld in Sources */,
				B3A9BFE927C1222100D3714E /* SceneDelegate.swift in Sources */,
			);
			runOnlyForDeploymentPostprocessing = 0;
		};
		B3A9BFF827C1222A00D3714E /* Sources */ = {
			isa = PBXSourcesBuildPhase;
			buildActionMask = 2147483647;
			files = (
				B3A9C00127C1222A00D3714E /* MyArchitecture_MainTests.swift in Sources */,
			);
			runOnlyForDeploymentPostprocessing = 0;
		};
		B3A9C00227C1222A00D3714E /* Sources */ = {
			isa = PBXSourcesBuildPhase;
			buildActionMask = 2147483647;
			files = (
				B3A9C00D27C1222A00D3714E /* MyArchitecture_MainUITestsLaunchTests.swift in Sources */,
				B3A9C00B27C1222A00D3714E /* MyArchitecture_MainUITests.swift in Sources */,
			);
			runOnlyForDeploymentPostprocessing = 0;
		};
/* End PBXSourcesBuildPhase section */

/* Begin PBXTargetDependency section */
		B3A9BFFE27C1222A00D3714E /* PBXTargetDependency */ = {
			isa = PBXTargetDependency;
			target = B3A9BFE227C1222100D3714E /* MyArchitecture-Main */;
			targetProxy = B3A9BFFD27C1222A00D3714E /* PBXContainerItemProxy */;
		};
		B3A9C00827C1222A00D3714E /* PBXTargetDependency */ = {
			isa = PBXTargetDependency;
			target = B3A9BFE227C1222100D3714E /* MyArchitecture-Main */;
			targetProxy = B3A9C00727C1222A00D3714E /* PBXContainerItemProxy */;
		};
/* End PBXTargetDependency section */

/* Begin PBXVariantGroup section */
		B3A9BFEC27C1222100D3714E /* Main.storyboard */ = {
			isa = PBXVariantGroup;
			children = (
				B3A9BFED27C1222100D3714E /* Base */,
			);
			name = Main.storyboard;
			sourceTree = "<group>";
		};
		B3A9BFF427C1222900D3714E /* LaunchScreen.storyboard */ = {
			isa = PBXVariantGroup;
			children = (
				B3A9BFF527C1222900D3714E /* Base */,
			);
			name = LaunchScreen.storyboard;
			sourceTree = "<group>";
		};
/* End PBXVariantGroup section */

/* Begin XCBuildConfiguration section */
		B3A9C00E27C1222A00D3714E /* Debug */ = {
			isa = XCBuildConfiguration;
			buildSettings = {
				ALWAYS_SEARCH_USER_PATHS = NO;
				CLANG_ANALYZER_NONNULL = YES;
				CLANG_ANALYZER_NUMBER_OBJECT_CONVERSION = YES_AGGRESSIVE;
				CLANG_CXX_LANGUAGE_STANDARD = "gnu++17";
				CLANG_CXX_LIBRARY = "libc++";
				CLANG_ENABLE_MODULES = YES;
				CLANG_ENABLE_OBJC_ARC = YES;
				CLANG_ENABLE_OBJC_WEAK = YES;
				CLANG_WARN_BLOCK_CAPTURE_AUTORELEASING = YES;
				CLANG_WARN_BOOL_CONVERSION = YES;
				CLANG_WARN_COMMA = YES;
				CLANG_WARN_CONSTANT_CONVERSION = YES;
				CLANG_WARN_DEPRECATED_OBJC_IMPLEMENTATIONS = YES;
				CLANG_WARN_DIRECT_OBJC_ISA_USAGE = YES_ERROR;
				CLANG_WARN_DOCUMENTATION_COMMENTS = YES;
				CLANG_WARN_EMPTY_BODY = YES;
				CLANG_WARN_ENUM_CONVERSION = YES;
				CLANG_WARN_INFINITE_RECURSION = YES;
				CLANG_WARN_INT_CONVERSION = YES;
				CLANG_WARN_NON_LITERAL_NULL_CONVERSION = YES;
				CLANG_WARN_OBJC_IMPLICIT_RETAIN_SELF = YES;
				CLANG_WARN_OBJC_LITERAL_CONVERSION = YES;
				CLANG_WARN_OBJC_ROOT_CLASS = YES_ERROR;
				CLANG_WARN_QUOTED_INCLUDE_IN_FRAMEWORK_HEADER = YES;
				CLANG_WARN_RANGE_LOOP_ANALYSIS = YES;
				CLANG_WARN_STRICT_PROTOTYPES = YES;
				CLANG_WARN_SUSPICIOUS_MOVE = YES;
				CLANG_WARN_UNGUARDED_AVAILABILITY = YES_AGGRESSIVE;
				CLANG_WARN_UNREACHABLE_CODE = YES;
				CLANG_WARN__DUPLICATE_METHOD_MATCH = YES;
				COPY_PHASE_STRIP = NO;
				DEBUG_INFORMATION_FORMAT = dwarf;
				ENABLE_STRICT_OBJC_MSGSEND = YES;
				ENABLE_TESTABILITY = YES;
				GCC_C_LANGUAGE_STANDARD = gnu11;
				GCC_DYNAMIC_NO_PIC = NO;
				GCC_NO_COMMON_BLOCKS = YES;
				GCC_OPTIMIZATION_LEVEL = 0;
				GCC_PREPROCESSOR_DEFINITIONS = (
					"DEBUG=1",
					"$(inherited)",
				);
				GCC_WARN_64_TO_32_BIT_CONVERSION = YES;
				GCC_WARN_ABOUT_RETURN_TYPE = YES_ERROR;
				GCC_WARN_UNDECLARED_SELECTOR = YES;
				GCC_WARN_UNINITIALIZED_AUTOS = YES_AGGRESSIVE;
				GCC_WARN_UNUSED_FUNCTION = YES;
				GCC_WARN_UNUSED_VARIABLE = YES;
				IPHONEOS_DEPLOYMENT_TARGET = 14.0;
				MTL_ENABLE_DEBUG_INFO = INCLUDE_SOURCE;
				MTL_FAST_MATH = YES;
				ONLY_ACTIVE_ARCH = YES;
				SDKROOT = iphoneos;
				SWIFT_ACTIVE_COMPILATION_CONDITIONS = DEBUG;
				SWIFT_OPTIMIZATION_LEVEL = "-Onone";
			};
			name = Debug;
		};
		B3A9C00F27C1222A00D3714E /* Release */ = {
			isa = XCBuildConfiguration;
			buildSettings = {
				ALWAYS_SEARCH_USER_PATHS = NO;
				CLANG_ANALYZER_NONNULL = YES;
				CLANG_ANALYZER_NUMBER_OBJECT_CONVERSION = YES_AGGRESSIVE;
				CLANG_CXX_LANGUAGE_STANDARD = "gnu++17";
				CLANG_CXX_LIBRARY = "libc++";
				CLANG_ENABLE_MODULES = YES;
				CLANG_ENABLE_OBJC_ARC = YES;
				CLANG_ENABLE_OBJC_WEAK = YES;
				CLANG_WARN_BLOCK_CAPTURE_AUTORELEASING = YES;
				CLANG_WARN_BOOL_CONVERSION = YES;
				CLANG_WARN_COMMA = YES;
				CLANG_WARN_CONSTANT_CONVERSION = YES;
				CLANG_WARN_DEPRECATED_OBJC_IMPLEMENTATIONS = YES;
				CLANG_WARN_DIRECT_OBJC_ISA_USAGE = YES_ERROR;
				CLANG_WARN_DOCUMENTATION_COMMENTS = YES;
				CLANG_WARN_EMPTY_BODY = YES;
				CLANG_WARN_ENUM_CONVERSION = YES;
				CLANG_WARN_INFINITE_RECURSION = YES;
				CLANG_WARN_INT_CONVERSION = YES;
				CLANG_WARN_NON_LITERAL_NULL_CONVERSION = YES;
				CLANG_WARN_OBJC_IMPLICIT_RETAIN_SELF = YES;
				CLANG_WARN_OBJC_LITERAL_CONVERSION = YES;
				CLANG_WARN_OBJC_ROOT_CLASS = YES_ERROR;
				CLANG_WARN_QUOTED_INCLUDE_IN_FRAMEWORK_HEADER = YES;
				CLANG_WARN_RANGE_LOOP_ANALYSIS = YES;
				CLANG_WARN_STRICT_PROTOTYPES = YES;
				CLANG_WARN_SUSPICIOUS_MOVE = YES;
				CLANG_WARN_UNGUARDED_AVAILABILITY = YES_AGGRESSIVE;
				CLANG_WARN_UNREACHABLE_CODE = YES;
				CLANG_WARN__DUPLICATE_METHOD_MATCH = YES;
				COPY_PHASE_STRIP = NO;
				DEBUG_INFORMATION_FORMAT = "dwarf-with-dsym";
				ENABLE_NS_ASSERTIONS = NO;
				ENABLE_STRICT_OBJC_MSGSEND = YES;
				GCC_C_LANGUAGE_STANDARD = gnu11;
				GCC_NO_COMMON_BLOCKS = YES;
				GCC_WARN_64_TO_32_BIT_CONVERSION = YES;
				GCC_WARN_ABOUT_RETURN_TYPE = YES_ERROR;
				GCC_WARN_UNDECLARED_SELECTOR = YES;
				GCC_WARN_UNINITIALIZED_AUTOS = YES_AGGRESSIVE;
				GCC_WARN_UNUSED_FUNCTION = YES;
				GCC_WARN_UNUSED_VARIABLE = YES;
				IPHONEOS_DEPLOYMENT_TARGET = 14.0;
				MTL_ENABLE_DEBUG_INFO = NO;
				MTL_FAST_MATH = YES;
				SDKROOT = iphoneos;
				SWIFT_COMPILATION_MODE = wholemodule;
				SWIFT_OPTIMIZATION_LEVEL = "-O";
				VALIDATE_PRODUCT = YES;
			};
			name = Release;
		};
		B3A9C01127C1222A00D3714E /* Debug */ = {
			isa = XCBuildConfiguration;
			buildSettings = {
				ASSETCATALOG_COMPILER_APPICON_NAME = AppIcon;
				ASSETCATALOG_COMPILER_GLOBAL_ACCENT_COLOR_NAME = AccentColor;
				CODE_SIGN_STYLE = Automatic;
				CURRENT_PROJECT_VERSION = 1;
				GENERATE_INFOPLIST_FILE = YES;
				INFOPLIST_FILE = "MyArchitecture-Main/Info.plist";
				INFOPLIST_KEY_UIApplicationSupportsIndirectInputEvents = YES;
				INFOPLIST_KEY_UILaunchStoryboardName = LaunchScreen;
				INFOPLIST_KEY_UIMainStoryboardFile = Main;
				INFOPLIST_KEY_UISupportedInterfaceOrientations_iPad = "UIInterfaceOrientationPortrait UIInterfaceOrientationPortraitUpsideDown UIInterfaceOrientationLandscapeLeft UIInterfaceOrientationLandscapeRight";
				INFOPLIST_KEY_UISupportedInterfaceOrientations_iPhone = "UIInterfaceOrientationPortrait UIInterfaceOrientationLandscapeLeft UIInterfaceOrientationLandscapeRight";
				LD_RUNPATH_SEARCH_PATHS = (
					"$(inherited)",
					"@executable_path/Frameworks",
				);
				MARKETING_VERSION = 1.0;
				PRODUCT_BUNDLE_IDENTIFIER = "Nakjin-Kim.MyArchitecture-Main";
				PRODUCT_NAME = "$(TARGET_NAME)";
				SWIFT_EMIT_LOC_STRINGS = YES;
				SWIFT_VERSION = 5.0;
				TARGETED_DEVICE_FAMILY = "1,2";
			};
			name = Debug;
		};
		B3A9C01227C1222A00D3714E /* Release */ = {
			isa = XCBuildConfiguration;
			buildSettings = {
				ASSETCATALOG_COMPILER_APPICON_NAME = AppIcon;
				ASSETCATALOG_COMPILER_GLOBAL_ACCENT_COLOR_NAME = AccentColor;
				CODE_SIGN_STYLE = Automatic;
				CURRENT_PROJECT_VERSION = 1;
				GENERATE_INFOPLIST_FILE = YES;
				INFOPLIST_FILE = "MyArchitecture-Main/Info.plist";
				INFOPLIST_KEY_UIApplicationSupportsIndirectInputEvents = YES;
				INFOPLIST_KEY_UILaunchStoryboardName = LaunchScreen;
				INFOPLIST_KEY_UIMainStoryboardFile = Main;
				INFOPLIST_KEY_UISupportedInterfaceOrientations_iPad = "UIInterfaceOrientationPortrait UIInterfaceOrientationPortraitUpsideDown UIInterfaceOrientationLandscapeLeft UIInterfaceOrientationLandscapeRight";
				INFOPLIST_KEY_UISupportedInterfaceOrientations_iPhone = "UIInterfaceOrientationPortrait UIInterfaceOrientationLandscapeLeft UIInterfaceOrientationLandscapeRight";
				LD_RUNPATH_SEARCH_PATHS = (
					"$(inherited)",
					"@executable_path/Frameworks",
				);
				MARKETING_VERSION = 1.0;
				PRODUCT_BUNDLE_IDENTIFIER = "Nakjin-Kim.MyArchitecture-Main";
				PRODUCT_NAME = "$(TARGET_NAME)";
				SWIFT_EMIT_LOC_STRINGS = YES;
				SWIFT_VERSION = 5.0;
				TARGETED_DEVICE_FAMILY = "1,2";
			};
			name = Release;
		};
		B3A9C01427C1222A00D3714E /* Debug */ = {
			isa = XCBuildConfiguration;
			buildSettings = {
				ALWAYS_EMBED_SWIFT_STANDARD_LIBRARIES = YES;
				BUNDLE_LOADER = "$(TEST_HOST)";
				CODE_SIGN_STYLE = Automatic;
				CURRENT_PROJECT_VERSION = 1;
				GENERATE_INFOPLIST_FILE = YES;
				IPHONEOS_DEPLOYMENT_TARGET = 15.2;
				MARKETING_VERSION = 1.0;
				PRODUCT_BUNDLE_IDENTIFIER = "Nakjin-Kim.MyArchitecture-MainTests";
				PRODUCT_NAME = "$(TARGET_NAME)";
				SWIFT_EMIT_LOC_STRINGS = NO;
				SWIFT_VERSION = 5.0;
				TARGETED_DEVICE_FAMILY = "1,2";
				TEST_HOST = "$(BUILT_PRODUCTS_DIR)/MyArchitecture-Main.app/MyArchitecture-Main";
			};
			name = Debug;
		};
		B3A9C01527C1222A00D3714E /* Release */ = {
			isa = XCBuildConfiguration;
			buildSettings = {
				ALWAYS_EMBED_SWIFT_STANDARD_LIBRARIES = YES;
				BUNDLE_LOADER = "$(TEST_HOST)";
				CODE_SIGN_STYLE = Automatic;
				CURRENT_PROJECT_VERSION = 1;
				GENERATE_INFOPLIST_FILE = YES;
				IPHONEOS_DEPLOYMENT_TARGET = 15.2;
				MARKETING_VERSION = 1.0;
				PRODUCT_BUNDLE_IDENTIFIER = "Nakjin-Kim.MyArchitecture-MainTests";
				PRODUCT_NAME = "$(TARGET_NAME)";
				SWIFT_EMIT_LOC_STRINGS = NO;
				SWIFT_VERSION = 5.0;
				TARGETED_DEVICE_FAMILY = "1,2";
				TEST_HOST = "$(BUILT_PRODUCTS_DIR)/MyArchitecture-Main.app/MyArchitecture-Main";
			};
			name = Release;
		};
		B3A9C01727C1222A00D3714E /* Debug */ = {
			isa = XCBuildConfiguration;
			buildSettings = {
				ALWAYS_EMBED_SWIFT_STANDARD_LIBRARIES = YES;
				CODE_SIGN_STYLE = Automatic;
				CURRENT_PROJECT_VERSION = 1;
				GENERATE_INFOPLIST_FILE = YES;
				MARKETING_VERSION = 1.0;
				PRODUCT_BUNDLE_IDENTIFIER = "Nakjin-Kim.MyArchitecture-MainUITests";
				PRODUCT_NAME = "$(TARGET_NAME)";
				SWIFT_EMIT_LOC_STRINGS = NO;
				SWIFT_VERSION = 5.0;
				TARGETED_DEVICE_FAMILY = "1,2";
				TEST_TARGET_NAME = "MyArchitecture-Main";
			};
			name = Debug;
		};
		B3A9C01827C1222A00D3714E /* Release */ = {
			isa = XCBuildConfiguration;
			buildSettings = {
				ALWAYS_EMBED_SWIFT_STANDARD_LIBRARIES = YES;
				CODE_SIGN_STYLE = Automatic;
				CURRENT_PROJECT_VERSION = 1;
				GENERATE_INFOPLIST_FILE = YES;
				MARKETING_VERSION = 1.0;
				PRODUCT_BUNDLE_IDENTIFIER = "Nakjin-Kim.MyArchitecture-MainUITests";
				PRODUCT_NAME = "$(TARGET_NAME)";
				SWIFT_EMIT_LOC_STRINGS = NO;
				SWIFT_VERSION = 5.0;
				TARGETED_DEVICE_FAMILY = "1,2";
				TEST_TARGET_NAME = "MyArchitecture-Main";
			};
			name = Release;
		};
/* End XCBuildConfiguration section */

/* Begin XCConfigurationList section */
		B3A9BFDE27C1222100D3714E /* Build configuration list for PBXProject "MyArchitecture-Main" */ = {
			isa = XCConfigurationList;
			buildConfigurations = (
				B3A9C00E27C1222A00D3714E /* Debug */,
				B3A9C00F27C1222A00D3714E /* Release */,
			);
			defaultConfigurationIsVisible = 0;
			defaultConfigurationName = Release;
		};
		B3A9C01027C1222A00D3714E /* Build configuration list for PBXNativeTarget "MyArchitecture-Main" */ = {
			isa = XCConfigurationList;
			buildConfigurations = (
				B3A9C01127C1222A00D3714E /* Debug */,
				B3A9C01227C1222A00D3714E /* Release */,
			);
			defaultConfigurationIsVisible = 0;
			defaultConfigurationName = Release;
		};
		B3A9C01327C1222A00D3714E /* Build configuration list for PBXNativeTarget "MyArchitecture-MainTests" */ = {
			isa = XCConfigurationList;
			buildConfigurations = (
				B3A9C01427C1222A00D3714E /* Debug */,
				B3A9C01527C1222A00D3714E /* Release */,
			);
			defaultConfigurationIsVisible = 0;
			defaultConfigurationName = Release;
		};
		B3A9C01627C1222A00D3714E /* Build configuration list for PBXNativeTarget "MyArchitecture-MainUITests" */ = {
			isa = XCConfigurationList;
			buildConfigurations = (
				B3A9C01727C1222A00D3714E /* Debug */,
				B3A9C01827C1222A00D3714E /* Release */,
			);
			defaultConfigurationIsVisible = 0;
			defaultConfigurationName = Release;
		};
/* End XCConfigurationList section */

/* Begin XCVersionGroup section */
		B3A9BFEF27C1222100D3714E /* MyArchitecture_Main.xcdatamodeld */ = {
			isa = XCVersionGroup;
			children = (
				B3A9BFF027C1222100D3714E /* MyArchitecture_Main.xcdatamodel */,
			);
			currentVersion = B3A9BFF027C1222100D3714E /* MyArchitecture_Main.xcdatamodel */;
			path = MyArchitecture_Main.xcdatamodeld;
			sourceTree = "<group>";
			versionGroupType = wrapper.xcdatamodel;
		};
/* End XCVersionGroup section */
	};
	rootObject = B3A9BFDB27C1222100D3714E /* Project object */;
}
